
Microsoft Visual Studio Solution File, Format Version 12.00
# Visual Studio Version 17
VisualStudioVersion = 17.13.35913.81 d17.13
MinimumVisualStudioVersion = 10.0.40219.1
Project("{FAE04EC0-301F-11D3-BF4B-00C04F79EFBC}") = "ChessAnywhere", "ChessAnywhere\ChessAnywhere.csproj", "{EFD6D8D5-481F-4BDB-8E89-935290A9A3B0}"
EndProject
Global
	GlobalSection(SolutionConfigurationPlatforms) = preSolution
		Debug|Any CPU = Debug|Any CPU
		Release|Any CPU = Release|Any CPU
	EndGlobalSection
	GlobalSection(ProjectConfigurationPlatforms) = postSolution
		{EFD6D8D5-481F-4BDB-8E89-935290A9A3B0}.Debug|Any CPU.ActiveCfg = Debug|Any CPU
		{EFD6D8D5-481F-4BDB-8E89-935290A9A3B0}.Debug|Any CPU.Build.0 = Debug|Any CPU
		{EFD6D8D5-481F-4BDB-8E89-935290A9A3B0}.Release|Any CPU.ActiveCfg = Release|Any CPU
		{EFD6D8D5-481F-4BDB-8E89-935290A9A3B0}.Release|Any CPU.Build.0 = Release|Any CPU
	EndGlobalSection
	GlobalSection(SolutionProperties) = preSolution
		HideSolutionNode = FALSE
	EndGlobalSection
	GlobalSection(ExtensibilityGlobals) = postSolution
		SolutionGuid = {27F92E39-1EB9-43CC-8FB0-5EE49185D289}
	EndGlobalSection
EndGlobal
